hash: 2c909424b3a5db74049f80f497699f479a5108ec0aad9436ecd1d84047b9c988
updated: 2016-04-09T18:51:44.993862112+02:00
imports:
- name: github.com/beorn7/perks
  version: 3ac7bf7a47d159a033b107610db8a1b6575507a4
  subpackages:
  - quantile
- name: github.com/davecgh/go-spew
  version: 5215b55f46b2b919f50a1df0eaa5886afe4e3b3d
  subpackages:
  - spew
- name: github.com/go-kit/kit
  version: 1922036729ab67a8d7795c153cf1caa771708d73
  subpackages:
  - log
  - metrics
  - metrics/prometheus
- name: github.com/go-logfmt/logfmt
  version: 08ab82a63ef462ac643ec79e659f023891f588f5
- name: github.com/go-stack/stack
  version: ac4c579c437a23e1a15814c867ccb82122fb383b
- name: github.com/golang/protobuf
  version: dda510ac0fd43b39770f22ac6260eb91d377bce3
  subpackages:
  - proto
  - ptypes
  - ptypes/timestamp
  - ptypes/any
  - ptypes/duration
- name: github.com/kr/logfmt
  version: b84e30acd515aadc4b783ad4ff83aff3299bdfe0
- name: github.com/lib/pq
  version: 3cd0097429be7d611bb644ef85b42bfb102ceea4
  subpackages:
  - oid
- name: github.com/matttproud/golang_protobuf_extensions
  version: d0c3fe89de86839aecf2e0579c40ba3bb336a453
  subpackages:
  - pbutil
- name: github.com/piotrkowalczuk/sklog
  version: 1619def070e6e86c600b572f039e0e7221b92c6f
- name: github.com/pmezard/go-difflib
  version: d8ed2627bdf02c080bf22230dbb337003b7aba2d
  subpackages:
  - difflib
- name: github.com/prometheus/client_golang
  version: 90c15b5efa0dc32a7d259234e02ac9a99e6d3b82
  subpackages:
  - prometheus
- name: github.com/prometheus/client_model
  version: fa8ad6fec33561be4280a8f0514318c79d7f6cb6
  subpackages:
  - go
- name: github.com/prometheus/common
  version: 40456948a47496dc22168e6af39297a2f8fbf38c
  subpackages:
  - expfmt
  - internal/bitbucket.org/ww/goautoneg
  - model
- name: github.com/prometheus/procfs
  version: 406e5b7bfd8201a36e2bb5f7bdae0b03380c2ce8
- name: github.com/stretchr/objx
  version: cbeaeb16a013161a98496fad62933b1d21786672
- name: github.com/stretchr/testify
  version: 0744955171b0b6e1871ff9d7366abc2b7a7fcec0
  subpackages:
  - mock
  - assert
- name: golang.org/x/crypto
  version: 3fbbcd23f1cb824e69491a5930cfeff09b12f4d2
  subpackages:
  - sha3
- name: golang.org/x/net
  version: e45385e9b226f570b1f086bf287b25d3d4117776
  subpackages:
  - context
  - http2
  - trace
  - http2/hpack
  - internal/timeseries
- name: golang.org/x/oauth2
  version: b0e2337fe6ec0c637fa4f123268b972f334504eb
  subpackages:
  - internal
- name: google.golang.org/appengine
  version: b67c870a16a2d58b3afa024461dcc51805f52e9d
  subpackages:
  - urlfetch
  - internal
  - internal/urlfetch
  - internal/base
  - internal/datastore
  - internal/log
  - internal/remote_api
- name: google.golang.org/grpc
  version: 7834b974e55fbf85a5b01afb5821391c71084efd
  subpackages:
  - codes
  - credentials
  - grpclog
  - metadata
  - peer
  - internal
  - naming
  - transport
devImports: []
