hash: 286ab6ebb1664f6195565a6f42801a9262581fbc9da8870c63ea9a6a84b13b5b
updated: 2016-08-18T12:44:48.331706336+02:00
imports:
- name: github.com/beorn7/perks
  version: b965b613227fddccbfffe13eae360ed3fa822f8d
  subpackages:
  - quantile
- name: github.com/davecgh/go-spew
  version: 2df174808ee097f90d259e432cc04442cf60be21
  subpackages:
  - spew
- name: github.com/go-kit/kit
  version: 6fb874ce59bb45b2f60ee3d289829db02142ecc6
  subpackages:
  - log
- name: github.com/go-logfmt/logfmt
  version: d4327190ff838312623b09bfeb50d7c93c8d9c1d
- name: github.com/go-stack/stack
  version: 100eb0c0a9c5b306ca2fb4f165df21d80ada4b82
- name: github.com/golang/protobuf
  version: 0c1f6d65b5a189c2250d10e71a5506f06f9fa0a0
  subpackages:
  - proto
  - ptypes
  - ptypes/empty
  - ptypes/timestamp
  - ptypes/any
  - ptypes/duration
- name: github.com/kr/logfmt
  version: b84e30acd515aadc4b783ad4ff83aff3299bdfe0
- name: github.com/lib/pq
  version: 80f8150043c80fb52dee6bc863a709cdac7ec8f8
  subpackages:
  - oid
- name: github.com/matttproud/golang_protobuf_extensions
  version: fc2b8d3a73c4867e51861bbdd5ae3c1f0869dd6a
  subpackages:
  - pbutil
- name: github.com/piotrkowalczuk/sklog
  version: ec5c8660c571ff906c65341ba96de449706d63fa
- name: github.com/pmezard/go-difflib
  version: d8ed2627bdf02c080bf22230dbb337003b7aba2d
  subpackages:
  - difflib
- name: github.com/prometheus/client_golang
  version: c5b7fccd204277076155f10851dad72b76a49317
  subpackages:
  - prometheus
- name: github.com/prometheus/client_model
  version: fa8ad6fec33561be4280a8f0514318c79d7f6cb6
  subpackages:
  - go
- name: github.com/prometheus/common
  version: ebdfc6da46522d58825777cf1f90490a5b1ef1d8
  subpackages:
  - expfmt
  - model
  - internal/bitbucket.org/ww/goautoneg
- name: github.com/prometheus/procfs
  version: abf152e5f3e97f2fafac028d2cc06c1feb87ffa5
- name: github.com/stretchr/objx
  version: cbeaeb16a013161a98496fad62933b1d21786672
- name: github.com/stretchr/testify
  version: f390dcf405f7b83c997eac1b06768bb9f44dec18
  subpackages:
  - mock
  - assert
  - require
- name: golang.org/x/crypto
  version: a548aac93ed489257b9d959b40fe1e8c1e20778c
  subpackages:
  - sha3
- name: golang.org/x/net
  version: 07b51741c1d6423d4a6abab1c49940ec09cb1aaf
  subpackages:
  - context
  - http2
  - trace
  - http2/hpack
  - lex/httplex
  - internal/timeseries
- name: golang.org/x/oauth2
  version: 4784bb855e56a530f1ce5d788959359ed6cb4a16
  subpackages:
  - internal
- name: google.golang.org/appengine
  version: e951d3868b377b14f4e60efa3a301532ee3c1ebf
  subpackages:
  - urlfetch
  - internal
  - internal/urlfetch
  - internal/base
  - internal/datastore
  - internal/log
  - internal/remote_api
- name: google.golang.org/grpc
  version: 13edeeffdea7a41d5aad96c28deb4c7bd01a9397
  subpackages:
  - codes
  - credentials
  - grpclog
  - metadata
  - peer
  - internal
  - naming
  - transport
testImports:
- name: github.com/gopherjs/gopherjs
  version: 72e303cb5f235b23471872477b57e573dc1c71d0
  subpackages:
  - js
- name: github.com/jtolds/gls
  version: 8ddce2a84170772b95dd5d576c48d517b22cac63
- name: github.com/smartystreets/assertions
  version: 2063fd1cc7c975db70502811a34b06ad034ccdf2
  subpackages:
  - internal/go-render/render
  - internal/oglematchers
- name: github.com/smartystreets/goconvey
  version: d4c757aa9afd1e2fc1832aaab209b5794eb336e1
  subpackages:
  - convey
  - convey/reporting
  - convey/gotest
