# This file is autogenerated, do not edit; changes may be undone by the next 'dep ensure'.


[[projects]]
  branch = "master"
  digest = "1:d20bdb6bf44087574af3139835946875bb098440426785282c741865b7bc66d3"
  name = "github.com/beorn7/perks"
  packages = ["quantile"]
  pruneopts = ""
  revision = "4c0e84591b9aa9e6dcfdf3e020114cd81f89d5f9"

[[projects]]
  digest = "1:0a39ec8bf5629610a4bc7873a92039ee509246da3cef1a0ea60f1ed7e5f9cea5"
  name = "github.com/davecgh/go-spew"
  packages = ["spew"]
  pruneopts = ""
  revision = "346938d642f2ec3594ed81d874461961cd0faa76"
  version = "v1.1.0"

[[projects]]
  digest = "1:815d45503dceeca8ffecce0081d7edeae5e75b126107ef763d1c617154d72359"
  name = "github.com/golang/protobuf"
  packages = [
    "proto",
    "ptypes",
    "ptypes/any",
    "ptypes/duration",
    "ptypes/empty",
    "ptypes/timestamp",
    "ptypes/wrappers",
  ]
  pruneopts = ""
  revision = "aa810b61a9c79d51363740d207bb46cf8e620ed5"
  version = "v1.2.0"

[[projects]]
  branch = "master"
  digest = "1:b024de644cff5bac9d246907a1058d1b1e02483faea7a9216d55b4324616e6df"
  name = "github.com/gopherjs/gopherjs"
  packages = ["js"]
  pruneopts = ""
  revision = "b40cd48c38f9a18eb3db20d163bad78de12cf0b7"

[[projects]]
  digest = "1:d8ead22d381cfed54d53be7d935eb0f9f2b75889a4fb595802844b805dc13b87"
  name = "github.com/jtolds/gls"
  packages = ["."]
  pruneopts = ""
  revision = "77f18212c9c7edc9bd6a33d383a7b545ce62f064"
  version = "v4.2.1"

[[projects]]
  branch = "master"
  digest = "1:e3ca9f80b6eb312652894c77aefb46b5d724b88401c11bc1c7195e6dc2bb47ae"
  name = "github.com/lib/pq"
  packages = [
    ".",
    "oid",
  ]
  pruneopts = ""
  revision = "b77235e3890a962fe8a6f8c4c7198679ca7814e7"

[[projects]]
  digest = "1:da0ae6b7e9dee808befe2fd96fba4b6b607a2dbb744e13fc7aae48a592edb06d"
  name = "github.com/matttproud/golang_protobuf_extensions"
  packages = ["pbutil"]
  pruneopts = ""
  revision = "3247c84500bff8d9fb6d579d800f20b3e091582c"
  version = "v1.0.0"

[[projects]]
  digest = "1:759fdf747d88eef2dde7c4c3deff80f778ca82d4017914d8dd485dd7c03c7b4b"
  name = "github.com/piotrkowalczuk/promgrpc"
  packages = ["v3"]
  pruneopts = ""
  revision = "ef56da41a6afb90844c72cc4ad35a0f772d23da8"
  version = "v3.2.0"

[[projects]]
  digest = "1:256484dbbcd271f9ecebc6795b2df8cad4c458dd0f5fd82a8c2fa0c29f233411"
  name = "github.com/pmezard/go-difflib"
  packages = ["difflib"]
  pruneopts = ""
  revision = "792786c7400a136282c1664665ae0a8db921c6c2"
  version = "v1.0.0"

[[projects]]
  digest = "1:981835985f655d1d380cc6aa7d9fa9ad7abfaf40c75da200fd40d864cd05a7c3"
  name = "github.com/prometheus/client_golang"
  packages = [
    "prometheus",
    "prometheus/promhttp",
  ]
  pruneopts = ""
  revision = "c5b7fccd204277076155f10851dad72b76a49317"
  version = "v0.8.0"

[[projects]]
  branch = "master"
  digest = "1:cf2d52b66fb13c17a68d49c1a59263b02a7f62e90d2ea95f25778e6f28473c22"
  name = "github.com/prometheus/client_model"
  packages = ["go"]
  pruneopts = ""
  revision = "6f3806018612930941127f2a7c6c453ba2c527d2"

[[projects]]
  branch = "master"
  digest = "1:95a283103d03e04d3b95df4f7d6db2597cbc3dad7912c00f3914af9439735776"
  name = "github.com/prometheus/common"
  packages = [
    "expfmt",
    "internal/bitbucket.org/ww/goautoneg",
    "model",
  ]
  pruneopts = ""
  revision = "2f17f4a9d485bf34b4bfaccc273805040e4f86c8"

[[projects]]
  branch = "master"
  digest = "1:af1479b7d35ed2b26e8ea9eb932ab9e8eca85ad0e23598b35ba725376f49b0c0"
  name = "github.com/prometheus/procfs"
  packages = [
    ".",
    "xfs",
  ]
  pruneopts = ""
  revision = "e645f4e5aaa8506fc71d6edbc5c4ff02c04c46f2"

[[projects]]
  digest = "1:6eba43fd5a3fb9d8769fe8290eb582d125c3b0ffe3c8fb60d8d8fc0f1ae6f94d"
  name = "github.com/smartystreets/assertions"
  packages = [
    ".",
    "internal/go-render/render",
    "internal/oglematchers",
  ]
  pruneopts = ""
  revision = "9c0ea8acbc1d8ad689f9e6fe0c1fa5838e0cabc2"
  version = "1.7.0"

[[projects]]
  digest = "1:9c05641a4a310c70cd4a3bcc8c7939656e7be9b1c2899672dc537e9d71e70e9a"
  name = "github.com/smartystreets/goconvey"
  packages = [
    "convey",
    "convey/gotest",
    "convey/reporting",
  ]
  pruneopts = ""
  revision = "9e8dc3f972df6c8fcc0375ef492c24d0bb204857"
  version = "1.6.3"

[[projects]]
  branch = "master"
  digest = "1:ab20a9ef800b01c597b70199825e38bbe555cd5ee08ceba8c2f2f8b955a944da"
  name = "github.com/stretchr/objx"
  packages = ["."]
  pruneopts = ""
  revision = "1a9d0bb9f541897e62256577b352fdbc1fb4fd94"

[[projects]]
  digest = "1:8e7d1910593db3b38b0c3e4bf3f82bc041dfddfed5f6d36a47f3ad7e72710d8d"
  name = "github.com/stretchr/testify"
  packages = [
    "assert",
    "mock",
    "require",
  ]
  pruneopts = ""
  revision = "69483b4bd14f5845b5a1e55bca19e954e827f1d0"
  version = "v1.1.4"

[[projects]]
  digest = "1:79b3d24ef1dd0ccccd0da232a60544982cf68b3f86235ae5e5ed7d61818d30dc"
  name = "go.uber.org/atomic"
  packages = ["."]
  pruneopts = ""
  revision = "4e336646b2ef9fc6e47be8e21594178f98e5ebcf"
  version = "v1.2.0"

[[projects]]
  digest = "1:22c7effcb4da0eacb2bb1940ee173fac010e9ef3c691f5de4b524d538bd980f5"
  name = "go.uber.org/multierr"
  packages = ["."]
  pruneopts = ""
  revision = "3c4937480c32f4c13a875a1829af76c98ca3d40a"
  version = "v1.1.0"

[[projects]]
  digest = "1:042723f026f82314be63a7b460db535e4a9f833c851af8dc9f036ba930cb808b"
  name = "go.uber.org/zap"
  packages = [
    ".",
    "buffer",
    "internal/bufferpool",
    "internal/color",
    "internal/exit",
    "zapcore",
    "zapgrpc",
  ]
  pruneopts = ""
  revision = "7a9ca91fa627ed52c7ff4fcc95cd044dc2c82a51"
  version = "v1.7.0"

[[projects]]
  branch = "master"
  digest = "1:9ccbdb4ba6de0df0e0bfe4724d7765823398f02ccfb9f192db65dfd5ed9e1a65"
  name = "golang.org/x/crypto"
  packages = ["sha3"]
  pruneopts = ""
  revision = "7d9177d70076375b9a59c8fde23d52d9c4a7ecd5"

[[projects]]
  branch = "master"
  digest = "1:5ce18d5c287fbab1029c28803532b4dd212a69feb663d1ff2f09b74465f28966"
  name = "golang.org/x/net"
  packages = [
    "context",
    "context/ctxhttp",
    "http2",
    "http2/hpack",
    "idna",
    "internal/timeseries",
    "lex/httplex",
    "trace",
  ]
  pruneopts = ""
  revision = "0744d001aa8470aaa53df28d32e5ceeb8af9bd70"

[[projects]]
  branch = "master"
  digest = "1:affeb48b3f4490367b8f0496a91d91f22dcf5b79986610170a219ac1ed645690"
  name = "golang.org/x/oauth2"
  packages = [
    ".",
    "internal",
  ]
  pruneopts = ""
  revision = "13449ad91cb26cb47661c1b080790392170385fd"

[[projects]]
  branch = "master"
  digest = "1:9f984428bac26e6472738ab372867bfa17b9d4ac5d3f10e9665f6d8692bead55"
  name = "golang.org/x/sys"
  packages = ["unix"]
  pruneopts = ""
  revision = "3b58ed4ad3395d483fc92d5d14123ce2c3581fec"

[[projects]]
  branch = "master"
  digest = "1:e887950913f1ea214e95d4fc59bd2467ecf234466f63ab83a10ec874010c54f4"
  name = "golang.org/x/text"
  packages = [
    "collate",
    "collate/build",
    "internal/colltab",
    "internal/gen",
    "internal/tag",
    "internal/triegen",
    "internal/ucd",
    "language",
    "secure/bidirule",
    "transform",
    "unicode/bidi",
    "unicode/cldr",
    "unicode/norm",
    "unicode/rangetable",
  ]
  pruneopts = ""
  revision = "1cbadb444a806fd9430d14ad08967ed91da4fa0a"

[[projects]]
  digest = "1:e0f1e7963ceef18884f909e5e68a8784edd1de9df0fa30f9c2250ea3c18222fa"
  name = "google.golang.org/appengine"
  packages = [
    "internal",
    "internal/base",
    "internal/datastore",
    "internal/log",
    "internal/remote_api",
    "internal/urlfetch",
    "urlfetch",
  ]
  pruneopts = ""
  revision = "150dc57a1b433e64154302bdc40b6bb8aefa313a"
  version = "v1.0.0"

[[projects]]
  branch = "master"
  digest = "1:64a5e962ef482464a519bf4272aea57f79a2e2b90fd2d5fd0d1929f407f4c58d"
  name = "google.golang.org/genproto"
  packages = ["googleapis/rpc/status"]
  pruneopts = ""
  revision = "1e559d0a00eef8a9a43151db4665280bd8dd5886"

[[projects]]
  digest = "1:cb1330030248de97a11d9f9664f3944fce0df947e5ed94dbbd9cb6e77068bd46"
  name = "google.golang.org/grpc"
  packages = [
    ".",
    "balancer",
    "balancer/base",
    "balancer/roundrobin",
    "codes",
    "connectivity",
    "credentials",
    "encoding",
    "encoding/proto",
    "grpclog",
    "health",
    "health/grpc_health_v1",
    "internal",
    "internal/backoff",
    "internal/channelz",
    "internal/envconfig",
    "internal/grpcrand",
    "internal/transport",
    "keepalive",
    "metadata",
    "naming",
    "peer",
    "resolver",
    "resolver/dns",
    "resolver/passthrough",
    "stats",
    "status",
    "tap",
  ]
  pruneopts = ""
  revision = "32fb0ac620c32ba40a4626ddf94d90d12cce3455"
  version = "v1.14.0"

[solve-meta]
  analyzer-name = "dep"
  analyzer-version = 1
  input-imports = [
    "github.com/golang/protobuf/proto",
    "github.com/golang/protobuf/ptypes",
    "github.com/golang/protobuf/ptypes/empty",
    "github.com/golang/protobuf/ptypes/timestamp",
    "github.com/golang/protobuf/ptypes/wrappers",
    "github.com/lib/pq",
    "github.com/piotrkowalczuk/promgrpc/v3",
    "github.com/prometheus/client_golang/prometheus",
    "github.com/prometheus/client_golang/prometheus/promhttp",
    "github.com/smartystreets/goconvey/convey",
    "github.com/stretchr/testify/assert",
    "github.com/stretchr/testify/mock",
    "github.com/stretchr/testify/require",
    "go.uber.org/zap",
    "go.uber.org/zap/buffer",
    "go.uber.org/zap/zapcore",
    "go.uber.org/zap/zapgrpc",
    "golang.org/x/crypto/sha3",
    "golang.org/x/net/context",
    "golang.org/x/oauth2",
    "google.golang.org/grpc",
    "google.golang.org/grpc/codes",
    "google.golang.org/grpc/credentials",
    "google.golang.org/grpc/grpclog",
    "google.golang.org/grpc/health",
    "google.golang.org/grpc/health/grpc_health_v1",
    "google.golang.org/grpc/metadata",
    "google.golang.org/grpc/peer",
    "google.golang.org/grpc/status",
  ]
  solver-name = "gps-cdcl"
  solver-version = 1
